
Microsoft Visual Studio Solution File, Format Version 12.00
# Visual Studio Version 17
VisualStudioVersion = 17.0.32112.339
MinimumVisualStudioVersion = 15.0.26124.0
Project("{2150E333-8FDC-42A3-9474-1A3956D46DE8}") = "Samples", "Samples", "{B3DF8680-26E4-4B3D-830C-C82818CDC305}"
EndProject
Project("{2150E333-8FDC-42A3-9474-1A3956D46DE8}") = "Solution Items", "Solution Items", "{8A0DDEA2-BB13-49E5-8A95-9142DB636664}"
	ProjectSection(SolutionItems) = preProject
		README.md = README.md
	EndProjectSection
EndProject
Project("{9A19103F-16F7-4668-BE54-9A1E7A4F7556}") = "Blazored.Typeahead", "src\Blazored.Typeahead\Blazored.Typeahead.csproj", "{C7A3B09A-0CED-424B-947A-00BB6D7EC565}"
EndProject
Project("{9A19103F-16F7-4668-BE54-9A1E7A4F7556}") = "BlazorWebAssembly", "samples\BlazorWebAssembly\BlazorWebAssembly.csproj", "{2D9D58FA-54E1-4677-9344-E793EEB5770B}"
EndProject
Project("{9A19103F-16F7-4668-BE54-9A1E7A4F7556}") = "BlazorServer", "samples\BlazorServer\BlazorServer.csproj", "{C0D810F1-8E79-492B-8B13-CCBCC58310E9}"
EndProject
Project("{9A19103F-16F7-4668-BE54-9A1E7A4F7556}") = "Sample.Shared", "samples\Shared\Sample.Shared.csproj", "{837FC361-4697-4FDD-B0D3-BCA2317F0E45}"
EndProject
Global
	GlobalSection(SolutionConfigurationPlatforms) = preSolution
		Debug|Any CPU = Debug|Any CPU
		Debug|x64 = Debug|x64
		Debug|x86 = Debug|x86
		Release|Any CPU = Release|Any CPU
		Release|x64 = Release|x64
		Release|x86 = Release|x86
	EndGlobalSection
	GlobalSection(ProjectConfigurationPlatforms) = postSolution
		{C7A3B09A-0CED-424B-947A-00BB6D7EC565}.Debug|Any CPU.ActiveCfg = Debug|Any CPU
		{C7A3B09A-0CED-424B-947A-00BB6D7EC565}.Debug|Any CPU.Build.0 = Debug|Any CPU
		{C7A3B09A-0CED-424B-947A-00BB6D7EC565}.Debug|x64.ActiveCfg = Debug|Any CPU
		{C7A3B09A-0CED-424B-947A-00BB6D7EC565}.Debug|x64.Build.0 = Debug|Any CPU
		{C7A3B09A-0CED-424B-947A-00BB6D7EC565}.Debug|x86.ActiveCfg = Debug|Any CPU
		{C7A3B09A-0CED-424B-947A-00BB6D7EC565}.Debug|x86.Build.0 = Debug|Any CPU
		{C7A3B09A-0CED-424B-947A-00BB6D7EC565}.Release|Any CPU.ActiveCfg = Release|Any CPU
		{C7A3B09A-0CED-424B-947A-00BB6D7EC565}.Release|Any CPU.Build.0 = Release|Any CPU
		{C7A3B09A-0CED-424B-947A-00BB6D7EC565}.Release|x64.ActiveCfg = Release|Any CPU
		{C7A3B09A-0CED-424B-947A-00BB6D7EC565}.Release|x64.Build.0 = Release|Any CPU
		{C7A3B09A-0CED-424B-947A-00BB6D7EC565}.Release|x86.ActiveCfg = Release|Any CPU
		{C7A3B09A-0CED-424B-947A-00BB6D7EC565}.Release|x86.Build.0 = Release|Any CPU
		{2D9D58FA-54E1-4677-9344-E793EEB5770B}.Debug|Any CPU.ActiveCfg = Debug|Any CPU
		{2D9D58FA-54E1-4677-9344-E793EEB5770B}.Debug|Any CPU.Build.0 = Debug|Any CPU
		{2D9D58FA-54E1-4677-9344-E793EEB5770B}.Debug|x64.ActiveCfg = Debug|Any CPU
		{2D9D58FA-54E1-4677-9344-E793EEB5770B}.Debug|x64.Build.0 = Debug|Any CPU
		{2D9D58FA-54E1-4677-9344-E793EEB5770B}.Debug|x86.ActiveCfg = Debug|Any CPU
		{2D9D58FA-54E1-4677-9344-E793EEB5770B}.Debug|x86.Build.0 = Debug|Any CPU
		{2D9D58FA-54E1-4677-9344-E793EEB5770B}.Release|Any CPU.ActiveCfg = Release|Any CPU
		{2D9D58FA-54E1-4677-9344-E793EEB5770B}.Release|Any CPU.Build.0 = Release|Any CPU
		{2D9D58FA-54E1-4677-9344-E793EEB5770B}.Release|x64.ActiveCfg = Release|Any CPU
		{2D9D58FA-54E1-4677-9344-E793EEB5770B}.Release|x64.Build.0 = Release|Any CPU
		{2D9D58FA-54E1-4677-9344-E793EEB5770B}.Release|x86.ActiveCfg = Release|Any CPU
		{2D9D58FA-54E1-4677-9344-E793EEB5770B}.Release|x86.Build.0 = Release|Any CPU
		{C0D810F1-8E79-492B-8B13-CCBCC58310E9}.Debug|Any CPU.ActiveCfg = Debug|Any CPU
		{C0D810F1-8E79-492B-8B13-CCBCC58310E9}.Debug|Any CPU.Build.0 = Debug|Any CPU
		{C0D810F1-8E79-492B-8B13-CCBCC58310E9}.Debug|x64.ActiveCfg = Debug|Any CPU
		{C0D810F1-8E79-492B-8B13-CCBCC58310E9}.Debug|x64.Build.0 = Debug|Any CPU
		{C0D810F1-8E79-492B-8B13-CCBCC58310E9}.Debug|x86.ActiveCfg = Debug|Any CPU
		{C0D810F1-8E79-492B-8B13-CCBCC58310E9}.Debug|x86.Build.0 = Debug|Any CPU
		{C0D810F1-8E79-492B-8B13-CCBCC58310E9}.Release|Any CPU.ActiveCfg = Release|Any CPU
		{C0D810F1-8E79-492B-8B13-CCBCC58310E9}.Release|Any CPU.Build.0 = Release|Any CPU
		{C0D810F1-8E79-492B-8B13-CCBCC58310E9}.Release|x64.ActiveCfg = Release|Any CPU
		{C0D810F1-8E79-492B-8B13-CCBCC58310E9}.Release|x64.Build.0 = Release|Any CPU
		{C0D810F1-8E79-492B-8B13-CCBCC58310E9}.Release|x86.ActiveCfg = Release|Any CPU
		{C0D810F1-8E79-492B-8B13-CCBCC58310E9}.Release|x86.Build.0 = Release|Any CPU
		{837FC361-4697-4FDD-B0D3-BCA2317F0E45}.Debug|Any CPU.ActiveCfg = Debug|Any CPU
		{837FC361-4697-4FDD-B0D3-BCA2317F0E45}.Debug|Any CPU.Build.0 = Debug|Any CPU
		{837FC361-4697-4FDD-B0D3-BCA2317F0E45}.Debug|x64.ActiveCfg = Debug|Any CPU
		{837FC361-4697-4FDD-B0D3-BCA2317F0E45}.Debug|x64.Build.0 = Debug|Any CPU
		{837FC361-4697-4FDD-B0D3-BCA2317F0E45}.Debug|x86.ActiveCfg = Debug|Any CPU
		{837FC361-4697-4FDD-B0D3-BCA2317F0E45}.Debug|x86.Build.0 = Debug|Any CPU
		{837FC361-4697-4FDD-B0D3-BCA2317F0E45}.Release|Any CPU.ActiveCfg = Release|Any CPU
		{837FC361-4697-4FDD-B0D3-BCA2317F0E45}.Release|Any CPU.Build.0 = Release|Any CPU
		{837FC361-4697-4FDD-B0D3-BCA2317F0E45}.Release|x64.ActiveCfg = Release|Any CPU
		{837FC361-4697-4FDD-B0D3-BCA2317F0E45}.Release|x64.Build.0 = Release|Any CPU
		{837FC361-4697-4FDD-B0D3-BCA2317F0E45}.Release|x86.ActiveCfg = Release|Any CPU
		{837FC361-4697-4FDD-B0D3-BCA2317F0E45}.Release|x86.Build.0 = Release|Any CPU
	EndGlobalSection
	GlobalSection(SolutionProperties) = preSolution
		HideSolutionNode = FALSE
	EndGlobalSection
	GlobalSection(NestedProjects) = preSolution
		{2D9D58FA-54E1-4677-9344-E793EEB5770B} = {B3DF8680-26E4-4B3D-830C-C82818CDC305}
		{C0D810F1-8E79-492B-8B13-CCBCC58310E9} = {B3DF8680-26E4-4B3D-830C-C82818CDC305}
		{837FC361-4697-4FDD-B0D3-BCA2317F0E45} = {B3DF8680-26E4-4B3D-830C-C82818CDC305}
	EndGlobalSection
	GlobalSection(ExtensibilityGlobals) = postSolution
		SolutionGuid = {9BD4D0B2-6014-4961-A4A3-4EE411FAA3D7}
	EndGlobalSection
EndGlobal
